
Microsoft Visual Studio Solution File, Format Version 12.00
# Visual Studio Version 17
VisualStudioVersion = 17.12.35707.178 d17.12
MinimumVisualStudioVersion = 10.0.40219.1
Project("{FAE04EC0-301F-11D3-BF4B-00C04F79EFBC}") = "ConsoleApp1", "ConsoleApp1\ConsoleApp1.csproj", "{6304C268-CA06-4A5D-8A33-CC9C0D6E6F55}"
EndProject
Project("{FAE04EC0-301F-11D3-BF4B-00C04F79EFBC}") = "Generator", "Generator\Generator.csproj", "{E3F33E6A-A808-4A49-AA56-2F3B47BBBBA0}"
EndProject
Project("{FAE04EC0-301F-11D3-BF4B-00C04F79EFBC}") = "GeneratorContract", "GeneratorContract\GeneratorContract.csproj", "{36241A8D-2815-400A-B4E2-4CA0770E4B17}"
EndProject
Global
	GlobalSection(SolutionConfigurationPlatforms) = preSolution
		Debug|Any CPU = Debug|Any CPU
		Release|Any CPU = Release|Any CPU
	EndGlobalSection
	GlobalSection(ProjectConfigurationPlatforms) = postSolution
		{6304C268-CA06-4A5D-8A33-CC9C0D6E6F55}.Debug|Any CPU.ActiveCfg = Debug|Any CPU
		{6304C268-CA06-4A5D-8A33-CC9C0D6E6F55}.Debug|Any CPU.Build.0 = Debug|Any CPU
		{6304C268-CA06-4A5D-8A33-CC9C0D6E6F55}.Release|Any CPU.ActiveCfg = Release|Any CPU
		{6304C268-CA06-4A5D-8A33-CC9C0D6E6F55}.Release|Any CPU.Build.0 = Release|Any CPU
		{E3F33E6A-A808-4A49-AA56-2F3B47BBBBA0}.Debug|Any CPU.ActiveCfg = Debug|Any CPU
		{E3F33E6A-A808-4A49-AA56-2F3B47BBBBA0}.Debug|Any CPU.Build.0 = Debug|Any CPU
		{E3F33E6A-A808-4A49-AA56-2F3B47BBBBA0}.Release|Any CPU.ActiveCfg = Release|Any CPU
		{E3F33E6A-A808-4A49-AA56-2F3B47BBBBA0}.Release|Any CPU.Build.0 = Release|Any CPU
		{36241A8D-2815-400A-B4E2-4CA0770E4B17}.Debug|Any CPU.ActiveCfg = Debug|Any CPU
		{36241A8D-2815-400A-B4E2-4CA0770E4B17}.Debug|Any CPU.Build.0 = Debug|Any CPU
		{36241A8D-2815-400A-B4E2-4CA0770E4B17}.Release|Any CPU.ActiveCfg = Release|Any CPU
		{36241A8D-2815-400A-B4E2-4CA0770E4B17}.Release|Any CPU.Build.0 = Release|Any CPU
	EndGlobalSection
	GlobalSection(SolutionProperties) = preSolution
		HideSolutionNode = FALSE
	EndGlobalSection
EndGlobal
